
Microsoft Visual Studio Solution File, Format Version 12.00
# Visual Studio 2012
Project("{2150E333-8FDC-42A3-9474-1A3956D46DE8}") = ".nuget", ".nuget", "{23AEC94D-B357-4ED8-9705-7B8C3684E84F}"
	ProjectSection(SolutionItems) = preProject
		.nuget\packages.config = .nuget\packages.config
	EndProjectSection
EndProject
Project("{FAE04EC0-301F-11D3-BF4B-00C04F79EFBC}") = "Figures", "Figures\Figures.csproj", "{12E31915-0037-466B-B7F0-C63B00FC41BD}"
EndProject
Global
	GlobalSection(SolutionConfigurationPlatforms) = preSolution
		Debug|Any CPU = Debug|Any CPU
		Release|Any CPU = Release|Any CPU
	EndGlobalSection
	GlobalSection(ProjectConfigurationPlatforms) = postSolution
		{12E31915-0037-466B-B7F0-C63B00FC41BD}.Debug|Any CPU.ActiveCfg = Debug|Any CPU
		{12E31915-0037-466B-B7F0-C63B00FC41BD}.Debug|Any CPU.Build.0 = Debug|Any CPU
		{12E31915-0037-466B-B7F0-C63B00FC41BD}.Release|Any CPU.ActiveCfg = Release|Any CPU
		{12E31915-0037-466B-B7F0-C63B00FC41BD}.Release|Any CPU.Build.0 = Release|Any CPU
	EndGlobalSection
	GlobalSection(SolutionProperties) = preSolution
		HideSolutionNode = FALSE
	EndGlobalSection
EndGlobal
